
Microsoft Visual Studio Solution File, Format Version 12.00
# Visual Studio Version 17
VisualStudioVersion = 17.5.33502.453
MinimumVisualStudioVersion = 10.0.40219.1
Project("{FAE04EC0-301F-11D3-BF4B-00C04F79EFBC}") = "soraAjax", "soraAjax\soraAjax.csproj", "{19945700-CCD1-43D6-803B-BFEF97C3D8DE}"
EndProject
Global
	GlobalSection(SolutionConfigurationPlatforms) = preSolution
		Debug|Any CPU = Debug|Any CPU
		Release|Any CPU = Release|Any CPU
	EndGlobalSection
	GlobalSection(ProjectConfigurationPlatforms) = postSolution
		{19945700-CCD1-43D6-803B-BFEF97C3D8DE}.Debug|Any CPU.ActiveCfg = Debug|Any CPU
		{19945700-CCD1-43D6-803B-BFEF97C3D8DE}.Debug|Any CPU.Build.0 = Debug|Any CPU
		{19945700-CCD1-43D6-803B-BFEF97C3D8DE}.Release|Any CPU.ActiveCfg = Release|Any CPU
		{19945700-CCD1-43D6-803B-BFEF97C3D8DE}.Release|Any CPU.Build.0 = Release|Any CPU
	EndGlobalSection
	GlobalSection(SolutionProperties) = preSolution
		HideSolutionNode = FALSE
	EndGlobalSection
	GlobalSection(ExtensibilityGlobals) = postSolution
		SolutionGuid = {52502BA5-F7D8-4190-91E0-8E86BE959508}
	EndGlobalSection
EndGlobal
